
Microsoft Visual Studio Solution File, Format Version 12.00
Project("{FAE04EC0-301F-11D3-BF4B-00C04F79EFBC}") = "PhoneNet", "PhoneNet\PhoneNet.csproj", "{CCCAE313-B052-4B90-9E65-65773440ED03}"
EndProject
Global
	GlobalSection(SolutionConfigurationPlatforms) = preSolution
		Debug|Any CPU = Debug|Any CPU
		Release|Any CPU = Release|Any CPU
	EndGlobalSection
	GlobalSection(ProjectConfigurationPlatforms) = postSolution
		{CCCAE313-B052-4B90-9E65-65773440ED03}.Debug|Any CPU.ActiveCfg = Debug|Any CPU
		{CCCAE313-B052-4B90-9E65-65773440ED03}.Debug|Any CPU.Build.0 = Debug|Any CPU
		{CCCAE313-B052-4B90-9E65-65773440ED03}.Release|Any CPU.ActiveCfg = Release|Any CPU
		{CCCAE313-B052-4B90-9E65-65773440ED03}.Release|Any CPU.Build.0 = Release|Any CPU
	EndGlobalSection
EndGlobal
