
Microsoft Visual Studio Solution File, Format Version 12.00
Project("{FAE04EC0-301F-11D3-BF4B-00C04F79EFBC}") = "ExamProg", "ExamProg\ExamProg.csproj", "{16BE7D46-3300-436C-BA2C-8F31E6C793FE}"
EndProject
Global
	GlobalSection(SolutionConfigurationPlatforms) = preSolution
		Debug|Any CPU = Debug|Any CPU
		Release|Any CPU = Release|Any CPU
	EndGlobalSection
	GlobalSection(ProjectConfigurationPlatforms) = postSolution
		{16BE7D46-3300-436C-BA2C-8F31E6C793FE}.Debug|Any CPU.ActiveCfg = Debug|Any CPU
		{16BE7D46-3300-436C-BA2C-8F31E6C793FE}.Debug|Any CPU.Build.0 = Debug|Any CPU
		{16BE7D46-3300-436C-BA2C-8F31E6C793FE}.Release|Any CPU.ActiveCfg = Release|Any CPU
		{16BE7D46-3300-436C-BA2C-8F31E6C793FE}.Release|Any CPU.Build.0 = Release|Any CPU
	EndGlobalSection
EndGlobal
