
Microsoft Visual Studio Solution File, Format Version 12.00
Project("{FAE04EC0-301F-11D3-BF4B-00C04F79EFBC}") = "GenericTypes", "GenericTypes\GenericTypes.csproj", "{67DD3D1A-1AC8-403D-BA85-4970C52BBDB3}"
EndProject
Project("{FAE04EC0-301F-11D3-BF4B-00C04F79EFBC}") = "GenericQueue", "GenericQueue\GenericQueue.csproj", "{44235570-4029-4B5A-B9CF-A3BB435933DB}"
EndProject
Global
	GlobalSection(SolutionConfigurationPlatforms) = preSolution
		Debug|Any CPU = Debug|Any CPU
		Release|Any CPU = Release|Any CPU
	EndGlobalSection
	GlobalSection(ProjectConfigurationPlatforms) = postSolution
		{67DD3D1A-1AC8-403D-BA85-4970C52BBDB3}.Debug|Any CPU.ActiveCfg = Debug|Any CPU
		{67DD3D1A-1AC8-403D-BA85-4970C52BBDB3}.Debug|Any CPU.Build.0 = Debug|Any CPU
		{67DD3D1A-1AC8-403D-BA85-4970C52BBDB3}.Release|Any CPU.ActiveCfg = Release|Any CPU
		{67DD3D1A-1AC8-403D-BA85-4970C52BBDB3}.Release|Any CPU.Build.0 = Release|Any CPU
		{44235570-4029-4B5A-B9CF-A3BB435933DB}.Debug|Any CPU.ActiveCfg = Debug|Any CPU
		{44235570-4029-4B5A-B9CF-A3BB435933DB}.Debug|Any CPU.Build.0 = Debug|Any CPU
		{44235570-4029-4B5A-B9CF-A3BB435933DB}.Release|Any CPU.ActiveCfg = Release|Any CPU
		{44235570-4029-4B5A-B9CF-A3BB435933DB}.Release|Any CPU.Build.0 = Release|Any CPU
	EndGlobalSection
EndGlobal
